// !$*UTF8*$!
{
	archiveVersion = 1;
	classes = {
	};
	objectVersion = 48;
	objects = {

/* Begin PBXBuildFile section */
		D16325731F82A21A001A0381 /* ParkDataSource.swift in Sources */ = {isa = PBXBuildFile; fileRef = D16325721F82A21A001A0381 /* ParkDataSource.swift */; };
		D16325751F82BC85001A0381 /* SectionHeaderView.swift in Sources */ = {isa = PBXBuildFile; fileRef = D16325741F82BC85001A0381 /* SectionHeaderView.swift */; };
		D1EC59141F82993C003CCD07 /* AppDelegate.swift in Sources */ = {isa = PBXBuildFile; fileRef = D1EC59131F82993C003CCD07 /* AppDelegate.swift */; };
		D1EC59191F82993C003CCD07 /* Main.storyboard in Resources */ = {isa = PBXBuildFile; fileRef = D1EC59171F82993C003CCD07 /* Main.storyboard */; };
		D1EC591B1F82993C003CCD07 /* Assets.xcassets in Resources */ = {isa = PBXBuildFile; fileRef = D1EC591A1F82993C003CCD07 /* Assets.xcassets */; };
		D1EC591E1F82993C003CCD07 /* LaunchScreen.storyboard in Resources */ = {isa = PBXBuildFile; fileRef = D1EC591C1F82993C003CCD07 /* LaunchScreen.storyboard */; };
		D1EC59261F8299F2003CCD07 /* MasterViewController.swift in Sources */ = {isa = PBXBuildFile; fileRef = D1EC59251F8299F2003CCD07 /* MasterViewController.swift */; };
		D1EC59281F829A15003CCD07 /* Parks.swift in Sources */ = {isa = PBXBuildFile; fileRef = D1EC59271F829A15003CCD07 /* Parks.swift */; };
		D1EC592A1F829C1D003CCD07 /* ParkCell.swift in Sources */ = {isa = PBXBuildFile; fileRef = D1EC59291F829C1D003CCD07 /* ParkCell.swift */; };
/* End PBXBuildFile section */

/* Begin PBXFileReference section */
		D16325721F82A21A001A0381 /* ParkDataSource.swift */ = {isa = PBXFileReference; lastKnownFileType = sourcecode.swift; path = ParkDataSource.swift; sourceTree = "<group>"; };
		D16325741F82BC85001A0381 /* SectionHeaderView.swift */ = {isa = PBXFileReference; lastKnownFileType = sourcecode.swift; path = SectionHeaderView.swift; sourceTree = "<group>"; };
		D16325761F82C0D7001A0381 /* ParksData.plist */ = {isa = PBXFileReference; lastKnownFileType = text.plist.xml; path = ParksData.plist; sourceTree = "<group>"; };
		D1EC59101F82993C003CCD07 /* CollectionView.app */ = {isa = PBXFileReference; explicitFileType = wrapper.application; includeInIndex = 0; path = CollectionView.app; sourceTree = BUILT_PRODUCTS_DIR; };
		D1EC59131F82993C003CCD07 /* AppDelegate.swift */ = {isa = PBXFileReference; lastKnownFileType = sourcecode.swift; path = AppDelegate.swift; sourceTree = "<group>"; };
		D1EC59181F82993C003CCD07 /* Base */ = {isa = PBXFileReference; lastKnownFileType = file.storyboard; name = Base; path = Base.lproj/Main.storyboard; sourceTree = "<group>"; };
		D1EC591A1F82993C003CCD07 /* Assets.xcassets */ = {isa = PBXFileReference; lastKnownFileType = folder.assetcatalog; path = Assets.xcassets; sourceTree = "<group>"; };
		D1EC591D1F82993C003CCD07 /* Base */ = {isa = PBXFileReference; lastKnownFileType = file.storyboard; name = Base; path = Base.lproj/LaunchScreen.storyboard; sourceTree = "<group>"; };
		D1EC591F1F82993C003CCD07 /* Info.plist */ = {isa = PBXFileReference; lastKnownFileType = text.plist.xml; path = Info.plist; sourceTree = "<group>"; };
		D1EC59251F8299F2003CCD07 /* MasterViewController.swift */ = {isa = PBXFileReference; lastKnownFileType = sourcecode.swift; path = MasterViewController.swift; sourceTree = "<group>"; };
		D1EC59271F829A15003CCD07 /* Parks.swift */ = {isa = PBXFileReference; lastKnownFileType = sourcecode.swift; path = Parks.swift; sourceTree = "<group>"; };
		D1EC59291F829C1D003CCD07 /* ParkCell.swift */ = {isa = PBXFileReference; lastKnownFileType = sourcecode.swift; path = ParkCell.swift; sourceTree = "<group>"; };
/* End PBXFileReference section */

/* Begin PBXFrameworksBuildPhase section */
		D1EC590D1F82993C003CCD07 /* Frameworks */ = {
			isa = PBXFrameworksBuildPhase;
			buildActionMask = 2147483647;
			files = (
			);
			runOnlyForDeploymentPostprocessing = 0;
		};
/* End PBXFrameworksBuildPhase section */

/* Begin PBXGroup section */
		D1EC59071F82993C003CCD07 = {
			isa = PBXGroup;
			children = (
				D1EC59121F82993C003CCD07 /* CollectionView */,
				D1EC59111F82993C003CCD07 /* Products */,
			);
			sourceTree = "<group>";
		};
		D1EC59111F82993C003CCD07 /* Products */ = {
			isa = PBXGroup;
			children = (
				D1EC59101F82993C003CCD07 /* CollectionView.app */,
			);
			name = Products;
			sourceTree = "<group>";
		};
		D1EC59121F82993C003CCD07 /* CollectionView */ = {
			isa = PBXGroup;
			children = (
				D16325761F82C0D7001A0381 /* ParksData.plist */,
				D1EC59131F82993C003CCD07 /* AppDelegate.swift */,
				D1EC59171F82993C003CCD07 /* Main.storyboard */,
				D1EC591A1F82993C003CCD07 /* Assets.xcassets */,
				D1EC591C1F82993C003CCD07 /* LaunchScreen.storyboard */,
				D1EC591F1F82993C003CCD07 /* Info.plist */,
				D1EC59251F8299F2003CCD07 /* MasterViewController.swift */,
				D1EC59271F829A15003CCD07 /* Parks.swift */,
				D1EC59291F829C1D003CCD07 /* ParkCell.swift */,
				D16325721F82A21A001A0381 /* ParkDataSource.swift */,
				D16325741F82BC85001A0381 /* SectionHeaderView.swift */,
			);
			path = CollectionView;
			sourceTree = "<group>";
		};
/* End PBXGroup section */

/* Begin PBXNativeTarget section */
		D1EC590F1F82993C003CCD07 /* CollectionView */ = {
			isa = PBXNativeTarget;
			buildConfigurationList = D1EC59221F82993C003CCD07 /* Build configuration list for PBXNativeTarget "CollectionView" */;
			buildPhases = (
				D1EC590C1F82993C003CCD07 /* Sources */,
				D1EC590D1F82993C003CCD07 /* Frameworks */,
				D1EC590E1F82993C003CCD07 /* Resources */,
			);
			buildRules = (
			);
			dependencies = (
			);
			name = CollectionView;
			productName = CollectionView;
			productReference = D1EC59101F82993C003CCD07 /* CollectionView.app */;
			productType = "com.apple.product-type.application";
		};
/* End PBXNativeTarget section */

/* Begin PBXProject section */
		D1EC59081F82993C003CCD07 /* Project object */ = {
			isa = PBXProject;
			attributes = {
				LastSwiftUpdateCheck = 0900;
				LastUpgradeCheck = 0900;
				ORGANIZATIONNAME = "Aleksandra Korolczuk";
				TargetAttributes = {
					D1EC590F1F82993C003CCD07 = {
						CreatedOnToolsVersion = 9.0;
						ProvisioningStyle = Automatic;
					};
				};
			};
			buildConfigurationList = D1EC590B1F82993C003CCD07 /* Build configuration list for PBXProject "CollectionView" */;
			compatibilityVersion = "Xcode 8.0";
			developmentRegion = en;
			hasScannedForEncodings = 0;
			knownRegions = (
				en,
				Base,
			);
			mainGroup = D1EC59071F82993C003CCD07;
			productRefGroup = D1EC59111F82993C003CCD07 /* Products */;
			projectDirPath = "";
			projectRoot = "";
			targets = (
				D1EC590F1F82993C003CCD07 /* CollectionView */,
			);
		};
/* End PBXProject section */

/* Begin PBXResourcesBuildPhase section */
		D1EC590E1F82993C003CCD07 /* Resources */ = {
			isa = PBXResourcesBuildPhase;
			buildActionMask = 2147483647;
			files = (
				D1EC591E1F82993C003CCD07 /* LaunchScreen.storyboard in Resources */,
				D1EC591B1F82993C003CCD07 /* Assets.xcassets in Resources */,
				D1EC59191F82993C003CCD07 /* Main.storyboard in Resources */,
			);
			runOnlyForDeploymentPostprocessing = 0;
		};
/* End PBXResourcesBuildPhase section */

/* Begin PBXSourcesBuildPhase section */
		D1EC590C1F82993C003CCD07 /* Sources */ = {
			isa = PBXSourcesBuildPhase;
			buildActionMask = 2147483647;
			files = (
				D1EC59261F8299F2003CCD07 /* MasterViewController.swift in Sources */,
				D16325751F82BC85001A0381 /* SectionHeaderView.swift in Sources */,
				D16325731F82A21A001A0381 /* ParkDataSource.swift in Sources */,
				D1EC59141F82993C003CCD07 /* AppDelegate.swift in Sources */,
				D1EC59281F829A15003CCD07 /* Parks.swift in Sources */,
				D1EC592A1F829C1D003CCD07 /* ParkCell.swift in Sources */,
			);
			runOnlyForDeploymentPostprocessing = 0;
		};
/* End PBXSourcesBuildPhase section */

/* Begin PBXVariantGroup section */
		D1EC59171F82993C003CCD07 /* Main.storyboard */ = {
			isa = PBXVariantGroup;
			children = (
				D1EC59181F82993C003CCD07 /* Base */,
			);
			name = Main.storyboard;
			sourceTree = "<group>";
		};
		D1EC591C1F82993C003CCD07 /* LaunchScreen.storyboard */ = {
			isa = PBXVariantGroup;
			children = (
				D1EC591D1F82993C003CCD07 /* Base */,
			);
			name = LaunchScreen.storyboard;
			sourceTree = "<group>";
		};
/* End PBXVariantGroup section */

/* Begin XCBuildConfiguration section */
		D1EC59201F82993C003CCD07 /* Debug */ = {
			isa = XCBuildConfiguration;
			buildSettings = {
				ALWAYS_SEARCH_USER_PATHS = NO;
				CLANG_ANALYZER_NONNULL = YES;
				CLANG_ANALYZER_NUMBER_OBJECT_CONVERSION = YES_AGGRESSIVE;
				CLANG_CXX_LANGUAGE_STANDARD = "gnu++14";
				CLANG_CXX_LIBRARY = "libc++";
				CLANG_ENABLE_MODULES = YES;
				CLANG_ENABLE_OBJC_ARC = YES;
				CLANG_WARN_BLOCK_CAPTURE_AUTORELEASING = YES;
				CLANG_WARN_BOOL_CONVERSION = YES;
				CLANG_WARN_COMMA = YES;
				CLANG_WARN_CONSTANT_CONVERSION = YES;
				CLANG_WARN_DIRECT_OBJC_ISA_USAGE = YES_ERROR;
				CLANG_WARN_DOCUMENTATION_COMMENTS = YES;
				CLANG_WARN_EMPTY_BODY = YES;
				CLANG_WARN_ENUM_CONVERSION = YES;
				CLANG_WARN_INFINITE_RECURSION = YES;
				CLANG_WARN_INT_CONVERSION = YES;
				CLANG_WARN_NON_LITERAL_NULL_CONVERSION = YES;
				CLANG_WARN_OBJC_LITERAL_CONVERSION = YES;
				CLANG_WARN_OBJC_ROOT_CLASS = YES_ERROR;
				CLANG_WARN_RANGE_LOOP_ANALYSIS = YES;
				CLANG_WARN_STRICT_PROTOTYPES = YES;
				CLANG_WARN_SUSPICIOUS_MOVE = YES;
				CLANG_WARN_UNGUARDED_AVAILABILITY = YES_AGGRESSIVE;
				CLANG_WARN_UNREACHABLE_CODE = YES;
				CLANG_WARN__DUPLICATE_METHOD_MATCH = YES;
				CODE_SIGN_IDENTITY = "iPhone Developer";
				COPY_PHASE_STRIP = NO;
				DEBUG_INFORMATION_FORMAT = dwarf;
				ENABLE_STRICT_OBJC_MSGSEND = YES;
				ENABLE_TESTABILITY = YES;
				GCC_C_LANGUAGE_STANDARD = gnu11;
				GCC_DYNAMIC_NO_PIC = NO;
				GCC_NO_COMMON_BLOCKS = YES;
				GCC_OPTIMIZATION_LEVEL = 0;
				GCC_PREPROCESSOR_DEFINITIONS = (
					"DEBUG=1",
					"$(inherited)",
				);
				GCC_WARN_64_TO_32_BIT_CONVERSION = YES;
				GCC_WARN_ABOUT_RETURN_TYPE = YES_ERROR;
				GCC_WARN_UNDECLARED_SELECTOR = YES;
				GCC_WARN_UNINITIALIZED_AUTOS = YES_AGGRESSIVE;
				GCC_WARN_UNUSED_FUNCTION = YES;
				GCC_WARN_UNUSED_VARIABLE = YES;
				IPHONEOS_DEPLOYMENT_TARGET = 11.0;
				MTL_ENABLE_DEBUG_INFO = YES;
				ONLY_ACTIVE_ARCH = YES;
				SDKROOT = iphoneos;
				SWIFT_ACTIVE_COMPILATION_CONDITIONS = DEBUG;
				SWIFT_OPTIMIZATION_LEVEL = "-Onone";
			};
			name = Debug;
		};
		D1EC59211F82993C003CCD07 /* Release */ = {
			isa = XCBuildConfiguration;
			buildSettings = {
				ALWAYS_SEARCH_USER_PATHS = NO;
				CLANG_ANALYZER_NONNULL = YES;
				CLANG_ANALYZER_NUMBER_OBJECT_CONVERSION = YES_AGGRESSIVE;
				CLANG_CXX_LANGUAGE_STANDARD = "gnu++14";
				CLANG_CXX_LIBRARY = "libc++";
				CLANG_ENABLE_MODULES = YES;
				CLANG_ENABLE_OBJC_ARC = YES;
				CLANG_WARN_BLOCK_CAPTURE_AUTORELEASING = YES;
				CLANG_WARN_BOOL_CONVERSION = YES;
				CLANG_WARN_COMMA = YES;
				CLANG_WARN_CONSTANT_CONVERSION = YES;
				CLANG_WARN_DIRECT_OBJC_ISA_USAGE = YES_ERROR;
				CLANG_WARN_DOCUMENTATION_COMMENTS = YES;
				CLANG_WARN_EMPTY_BODY = YES;
				CLANG_WARN_ENUM_CONVERSION = YES;
				CLANG_WARN_INFINITE_RECURSION = YES;
				CLANG_WARN_INT_CONVERSION = YES;
				CLANG_WARN_NON_LITERAL_NULL_CONVERSION = YES;
				CLANG_WARN_OBJC_LITERAL_CONVERSION = YES;
				CLANG_WARN_OBJC_ROOT_CLASS = YES_ERROR;
				CLANG_WARN_RANGE_LOOP_ANALYSIS = YES;
				CLANG_WARN_STRICT_PROTOTYPES = YES;
				CLANG_WARN_SUSPICIOUS_MOVE = YES;
				CLANG_WARN_UNGUARDED_AVAILABILITY = YES_AGGRESSIVE;
				CLANG_WARN_UNREACHABLE_CODE = YES;
				CLANG_WARN__DUPLICATE_METHOD_MATCH = YES;
				CODE_SIGN_IDENTITY = "iPhone Developer";
				COPY_PHASE_STRIP = NO;
				DEBUG_INFORMATION_FORMAT = "dwarf-with-dsym";
				ENABLE_NS_ASSERTIONS = NO;
				ENABLE_STRICT_OBJC_MSGSEND = YES;
				GCC_C_LANGUAGE_STANDARD = gnu11;
				GCC_NO_COMMON_BLOCKS = YES;
				GCC_WARN_64_TO_32_BIT_CONVERSION = YES;
				GCC_WARN_ABOUT_RETURN_TYPE = YES_ERROR;
				GCC_WARN_UNDECLARED_SELECTOR = YES;
				GCC_WARN_UNINITIALIZED_AUTOS = YES_AGGRESSIVE;
				GCC_WARN_UNUSED_FUNCTION = YES;
				GCC_WARN_UNUSED_VARIABLE = YES;
				IPHONEOS_DEPLOYMENT_TARGET = 11.0;
				MTL_ENABLE_DEBUG_INFO = NO;
				SDKROOT = iphoneos;
				SWIFT_OPTIMIZATION_LEVEL = "-Owholemodule";
				VALIDATE_PRODUCT = YES;
			};
			name = Release;
		};
		D1EC59231F82993C003CCD07 /* Debug */ = {
			isa = XCBuildConfiguration;
			buildSettings = {
				ASSETCATALOG_COMPILER_APPICON_NAME = AppIcon;
				CODE_SIGN_STYLE = Automatic;
				DEVELOPMENT_TEAM = LX8JG236AT;
				INFOPLIST_FILE = CollectionView/Info.plist;
				LD_RUNPATH_SEARCH_PATHS = "$(inherited) @executable_path/Frameworks";
				PRODUCT_BUNDLE_IDENTIFIER = com.aleksandrakorolczuk.CollectionView;
				PRODUCT_NAME = "$(TARGET_NAME)";
				SWIFT_VERSION = 4.0;
				TARGETED_DEVICE_FAMILY = "1,2";
			};
			name = Debug;
		};
		D1EC59241F82993C003CCD07 /* Release */ = {
			isa = XCBuildConfiguration;
			buildSettings = {
				ASSETCATALOG_COMPILER_APPICON_NAME = AppIcon;
				CODE_SIGN_STYLE = Automatic;
				DEVELOPMENT_TEAM = LX8JG236AT;
				INFOPLIST_FILE = CollectionView/Info.plist;
				LD_RUNPATH_SEARCH_PATHS = "$(inherited) @executable_path/Frameworks";
				PRODUCT_BUNDLE_IDENTIFIER = com.aleksandrakorolczuk.CollectionView;
				PRODUCT_NAME = "$(TARGET_NAME)";
				SWIFT_VERSION = 4.0;
				TARGETED_DEVICE_FAMILY = "1,2";
			};
			name = Release;
		};
/* End XCBuildConfiguration section */

/* Begin XCConfigurationList section */
		D1EC590B1F82993C003CCD07 /* Build configuration list for PBXProject "CollectionView" */ = {
			isa = XCConfigurationList;
			buildConfigurations = (
				D1EC59201F82993C003CCD07 /* Debug */,
				D1EC59211F82993C003CCD07 /* Release */,
			);
			defaultConfigurationIsVisible = 0;
			defaultConfigurationName = Release;
		};
		D1EC59221F82993C003CCD07 /* Build configuration list for PBXNativeTarget "CollectionView" */ = {
			isa = XCConfigurationList;
			buildConfigurations = (
				D1EC59231F82993C003CCD07 /* Debug */,
				D1EC59241F82993C003CCD07 /* Release */,
			);
			defaultConfigurationIsVisible = 0;
			defaultConfigurationName = Release;
		};
/* End XCConfigurationList section */
	};
	rootObject = D1EC59081F82993C003CCD07 /* Project object */;
}
