// !$*UTF8*$!
{
	archiveVersion = 1;
	classes = {
	};
	objectVersion = 48;
	objects = {

/* Begin PBXBuildFile section */
		D18BF4611FBE235C00D7329E /* AppDelegate.swift in Sources */ = {isa = PBXBuildFile; fileRef = D18BF4601FBE235C00D7329E /* AppDelegate.swift */; };
		D18BF4631FBE235C00D7329E /* ViewController.swift in Sources */ = {isa = PBXBuildFile; fileRef = D18BF4621FBE235C00D7329E /* ViewController.swift */; };
		D18BF4661FBE235C00D7329E /* Main.storyboard in Resources */ = {isa = PBXBuildFile; fileRef = D18BF4641FBE235C00D7329E /* Main.storyboard */; };
		D18BF4681FBE235C00D7329E /* Assets.xcassets in Resources */ = {isa = PBXBuildFile; fileRef = D18BF4671FBE235C00D7329E /* Assets.xcassets */; };
		D18BF46B1FBE235C00D7329E /* LaunchScreen.storyboard in Resources */ = {isa = PBXBuildFile; fileRef = D18BF4691FBE235C00D7329E /* LaunchScreen.storyboard */; };
/* End PBXBuildFile section */

/* Begin PBXFileReference section */
		D18BF45D1FBE235C00D7329E /* PracticeCollectionView.app */ = {isa = PBXFileReference; explicitFileType = wrapper.application; includeInIndex = 0; path = PracticeCollectionView.app; sourceTree = BUILT_PRODUCTS_DIR; };
		D18BF4601FBE235C00D7329E /* AppDelegate.swift */ = {isa = PBXFileReference; lastKnownFileType = sourcecode.swift; path = AppDelegate.swift; sourceTree = "<group>"; };
		D18BF4621FBE235C00D7329E /* ViewController.swift */ = {isa = PBXFileReference; lastKnownFileType = sourcecode.swift; path = ViewController.swift; sourceTree = "<group>"; };
		D18BF4651FBE235C00D7329E /* Base */ = {isa = PBXFileReference; lastKnownFileType = file.storyboard; name = Base; path = Base.lproj/Main.storyboard; sourceTree = "<group>"; };
		D18BF4671FBE235C00D7329E /* Assets.xcassets */ = {isa = PBXFileReference; lastKnownFileType = folder.assetcatalog; path = Assets.xcassets; sourceTree = "<group>"; };
		D18BF46A1FBE235C00D7329E /* Base */ = {isa = PBXFileReference; lastKnownFileType = file.storyboard; name = Base; path = Base.lproj/LaunchScreen.storyboard; sourceTree = "<group>"; };
		D18BF46C1FBE235C00D7329E /* Info.plist */ = {isa = PBXFileReference; lastKnownFileType = text.plist.xml; path = Info.plist; sourceTree = "<group>"; };
/* End PBXFileReference section */

/* Begin PBXFrameworksBuildPhase section */
		D18BF45A1FBE235C00D7329E /* Frameworks */ = {
			isa = PBXFrameworksBuildPhase;
			buildActionMask = 2147483647;
			files = (
			);
			runOnlyForDeploymentPostprocessing = 0;
		};
/* End PBXFrameworksBuildPhase section */

/* Begin PBXGroup section */
		D18BF4541FBE235C00D7329E = {
			isa = PBXGroup;
			children = (
				D18BF45F1FBE235C00D7329E /* PracticeCollectionView */,
				D18BF45E1FBE235C00D7329E /* Products */,
			);
			sourceTree = "<group>";
		};
		D18BF45E1FBE235C00D7329E /* Products */ = {
			isa = PBXGroup;
			children = (
				D18BF45D1FBE235C00D7329E /* PracticeCollectionView.app */,
			);
			name = Products;
			sourceTree = "<group>";
		};
		D18BF45F1FBE235C00D7329E /* PracticeCollectionView */ = {
			isa = PBXGroup;
			children = (
				D18BF4601FBE235C00D7329E /* AppDelegate.swift */,
				D18BF4621FBE235C00D7329E /* ViewController.swift */,
				D18BF4641FBE235C00D7329E /* Main.storyboard */,
				D18BF4671FBE235C00D7329E /* Assets.xcassets */,
				D18BF4691FBE235C00D7329E /* LaunchScreen.storyboard */,
				D18BF46C1FBE235C00D7329E /* Info.plist */,
			);
			path = PracticeCollectionView;
			sourceTree = "<group>";
		};
/* End PBXGroup section */

/* Begin PBXNativeTarget section */
		D18BF45C1FBE235C00D7329E /* PracticeCollectionView */ = {
			isa = PBXNativeTarget;
			buildConfigurationList = D18BF46F1FBE235C00D7329E /* Build configuration list for PBXNativeTarget "PracticeCollectionView" */;
			buildPhases = (
				D18BF4591FBE235C00D7329E /* Sources */,
				D18BF45A1FBE235C00D7329E /* Frameworks */,
				D18BF45B1FBE235C00D7329E /* Resources */,
			);
			buildRules = (
			);
			dependencies = (
			);
			name = PracticeCollectionView;
			productName = PracticeCollectionView;
			productReference = D18BF45D1FBE235C00D7329E /* PracticeCollectionView.app */;
			productType = "com.apple.product-type.application";
		};
/* End PBXNativeTarget section */

/* Begin PBXProject section */
		D18BF4551FBE235C00D7329E /* Project object */ = {
			isa = PBXProject;
			attributes = {
				LastSwiftUpdateCheck = 0910;
				LastUpgradeCheck = 0910;
				ORGANIZATIONNAME = "Aleksandra Korolczuk";
				TargetAttributes = {
					D18BF45C1FBE235C00D7329E = {
						CreatedOnToolsVersion = 9.1;
						ProvisioningStyle = Automatic;
					};
				};
			};
			buildConfigurationList = D18BF4581FBE235C00D7329E /* Build configuration list for PBXProject "PracticeCollectionView" */;
			compatibilityVersion = "Xcode 8.0";
			developmentRegion = en;
			hasScannedForEncodings = 0;
			knownRegions = (
				en,
				Base,
			);
			mainGroup = D18BF4541FBE235C00D7329E;
			productRefGroup = D18BF45E1FBE235C00D7329E /* Products */;
			projectDirPath = "";
			projectRoot = "";
			targets = (
				D18BF45C1FBE235C00D7329E /* PracticeCollectionView */,
			);
		};
/* End PBXProject section */

/* Begin PBXResourcesBuildPhase section */
		D18BF45B1FBE235C00D7329E /* Resources */ = {
			isa = PBXResourcesBuildPhase;
			buildActionMask = 2147483647;
			files = (
				D18BF46B1FBE235C00D7329E /* LaunchScreen.storyboard in Resources */,
				D18BF4681FBE235C00D7329E /* Assets.xcassets in Resources */,
				D18BF4661FBE235C00D7329E /* Main.storyboard in Resources */,
			);
			runOnlyForDeploymentPostprocessing = 0;
		};
/* End PBXResourcesBuildPhase section */

/* Begin PBXSourcesBuildPhase section */
		D18BF4591FBE235C00D7329E /* Sources */ = {
			isa = PBXSourcesBuildPhase;
			buildActionMask = 2147483647;
			files = (
				D18BF4631FBE235C00D7329E /* ViewController.swift in Sources */,
				D18BF4611FBE235C00D7329E /* AppDelegate.swift in Sources */,
			);
			runOnlyForDeploymentPostprocessing = 0;
		};
/* End PBXSourcesBuildPhase section */

/* Begin PBXVariantGroup section */
		D18BF4641FBE235C00D7329E /* Main.storyboard */ = {
			isa = PBXVariantGroup;
			children = (
				D18BF4651FBE235C00D7329E /* Base */,
			);
			name = Main.storyboard;
			sourceTree = "<group>";
		};
		D18BF4691FBE235C00D7329E /* LaunchScreen.storyboard */ = {
			isa = PBXVariantGroup;
			children = (
				D18BF46A1FBE235C00D7329E /* Base */,
			);
			name = LaunchScreen.storyboard;
			sourceTree = "<group>";
		};
/* End PBXVariantGroup section */

/* Begin XCBuildConfiguration section */
		D18BF46D1FBE235C00D7329E /* Debug */ = {
			isa = XCBuildConfiguration;
			buildSettings = {
				ALWAYS_SEARCH_USER_PATHS = NO;
				CLANG_ANALYZER_NONNULL = YES;
				CLANG_ANALYZER_NUMBER_OBJECT_CONVERSION = YES_AGGRESSIVE;
				CLANG_CXX_LANGUAGE_STANDARD = "gnu++14";
				CLANG_CXX_LIBRARY = "libc++";
				CLANG_ENABLE_MODULES = YES;
				CLANG_ENABLE_OBJC_ARC = YES;
				CLANG_WARN_BLOCK_CAPTURE_AUTORELEASING = YES;
				CLANG_WARN_BOOL_CONVERSION = YES;
				CLANG_WARN_COMMA = YES;
				CLANG_WARN_CONSTANT_CONVERSION = YES;
				CLANG_WARN_DIRECT_OBJC_ISA_USAGE = YES_ERROR;
				CLANG_WARN_DOCUMENTATION_COMMENTS = YES;
				CLANG_WARN_EMPTY_BODY = YES;
				CLANG_WARN_ENUM_CONVERSION = YES;
				CLANG_WARN_INFINITE_RECURSION = YES;
				CLANG_WARN_INT_CONVERSION = YES;
				CLANG_WARN_NON_LITERAL_NULL_CONVERSION = YES;
				CLANG_WARN_OBJC_LITERAL_CONVERSION = YES;
				CLANG_WARN_OBJC_ROOT_CLASS = YES_ERROR;
				CLANG_WARN_RANGE_LOOP_ANALYSIS = YES;
				CLANG_WARN_STRICT_PROTOTYPES = YES;
				CLANG_WARN_SUSPICIOUS_MOVE = YES;
				CLANG_WARN_UNGUARDED_AVAILABILITY = YES_AGGRESSIVE;
				CLANG_WARN_UNREACHABLE_CODE = YES;
				CLANG_WARN__DUPLICATE_METHOD_MATCH = YES;
				CODE_SIGN_IDENTITY = "iPhone Developer";
				COPY_PHASE_STRIP = NO;
				DEBUG_INFORMATION_FORMAT = dwarf;
				ENABLE_STRICT_OBJC_MSGSEND = YES;
				ENABLE_TESTABILITY = YES;
				GCC_C_LANGUAGE_STANDARD = gnu11;
				GCC_DYNAMIC_NO_PIC = NO;
				GCC_NO_COMMON_BLOCKS = YES;
				GCC_OPTIMIZATION_LEVEL = 0;
				GCC_PREPROCESSOR_DEFINITIONS = (
					"DEBUG=1",
					"$(inherited)",
				);
				GCC_WARN_64_TO_32_BIT_CONVERSION = YES;
				GCC_WARN_ABOUT_RETURN_TYPE = YES_ERROR;
				GCC_WARN_UNDECLARED_SELECTOR = YES;
				GCC_WARN_UNINITIALIZED_AUTOS = YES_AGGRESSIVE;
				GCC_WARN_UNUSED_FUNCTION = YES;
				GCC_WARN_UNUSED_VARIABLE = YES;
				IPHONEOS_DEPLOYMENT_TARGET = 11.1;
				MTL_ENABLE_DEBUG_INFO = YES;
				ONLY_ACTIVE_ARCH = YES;
				SDKROOT = iphoneos;
				SWIFT_ACTIVE_COMPILATION_CONDITIONS = DEBUG;
				SWIFT_OPTIMIZATION_LEVEL = "-Onone";
			};
			name = Debug;
		};
		D18BF46E1FBE235C00D7329E /* Release */ = {
			isa = XCBuildConfiguration;
			buildSettings = {
				ALWAYS_SEARCH_USER_PATHS = NO;
				CLANG_ANALYZER_NONNULL = YES;
				CLANG_ANALYZER_NUMBER_OBJECT_CONVERSION = YES_AGGRESSIVE;
				CLANG_CXX_LANGUAGE_STANDARD = "gnu++14";
				CLANG_CXX_LIBRARY = "libc++";
				CLANG_ENABLE_MODULES = YES;
				CLANG_ENABLE_OBJC_ARC = YES;
				CLANG_WARN_BLOCK_CAPTURE_AUTORELEASING = YES;
				CLANG_WARN_BOOL_CONVERSION = YES;
				CLANG_WARN_COMMA = YES;
				CLANG_WARN_CONSTANT_CONVERSION = YES;
				CLANG_WARN_DIRECT_OBJC_ISA_USAGE = YES_ERROR;
				CLANG_WARN_DOCUMENTATION_COMMENTS = YES;
				CLANG_WARN_EMPTY_BODY = YES;
				CLANG_WARN_ENUM_CONVERSION = YES;
				CLANG_WARN_INFINITE_RECURSION = YES;
				CLANG_WARN_INT_CONVERSION = YES;
				CLANG_WARN_NON_LITERAL_NULL_CONVERSION = YES;
				CLANG_WARN_OBJC_LITERAL_CONVERSION = YES;
				CLANG_WARN_OBJC_ROOT_CLASS = YES_ERROR;
				CLANG_WARN_RANGE_LOOP_ANALYSIS = YES;
				CLANG_WARN_STRICT_PROTOTYPES = YES;
				CLANG_WARN_SUSPICIOUS_MOVE = YES;
				CLANG_WARN_UNGUARDED_AVAILABILITY = YES_AGGRESSIVE;
				CLANG_WARN_UNREACHABLE_CODE = YES;
				CLANG_WARN__DUPLICATE_METHOD_MATCH = YES;
				CODE_SIGN_IDENTITY = "iPhone Developer";
				COPY_PHASE_STRIP = NO;
				DEBUG_INFORMATION_FORMAT = "dwarf-with-dsym";
				ENABLE_NS_ASSERTIONS = NO;
				ENABLE_STRICT_OBJC_MSGSEND = YES;
				GCC_C_LANGUAGE_STANDARD = gnu11;
				GCC_NO_COMMON_BLOCKS = YES;
				GCC_WARN_64_TO_32_BIT_CONVERSION = YES;
				GCC_WARN_ABOUT_RETURN_TYPE = YES_ERROR;
				GCC_WARN_UNDECLARED_SELECTOR = YES;
				GCC_WARN_UNINITIALIZED_AUTOS = YES_AGGRESSIVE;
				GCC_WARN_UNUSED_FUNCTION = YES;
				GCC_WARN_UNUSED_VARIABLE = YES;
				IPHONEOS_DEPLOYMENT_TARGET = 11.1;
				MTL_ENABLE_DEBUG_INFO = NO;
				SDKROOT = iphoneos;
				SWIFT_OPTIMIZATION_LEVEL = "-Owholemodule";
				VALIDATE_PRODUCT = YES;
			};
			name = Release;
		};
		D18BF4701FBE235C00D7329E /* Debug */ = {
			isa = XCBuildConfiguration;
			buildSettings = {
				ASSETCATALOG_COMPILER_APPICON_NAME = AppIcon;
				CODE_SIGN_STYLE = Automatic;
				DEVELOPMENT_TEAM = LX8JG236AT;
				INFOPLIST_FILE = PracticeCollectionView/Info.plist;
				LD_RUNPATH_SEARCH_PATHS = "$(inherited) @executable_path/Frameworks";
				PRODUCT_BUNDLE_IDENTIFIER = com.aleksandrakorolczuk.PracticeCollectionView;
				PRODUCT_NAME = "$(TARGET_NAME)";
				SWIFT_VERSION = 4.0;
				TARGETED_DEVICE_FAMILY = "1,2";
			};
			name = Debug;
		};
		D18BF4711FBE235C00D7329E /* Release */ = {
			isa = XCBuildConfiguration;
			buildSettings = {
				ASSETCATALOG_COMPILER_APPICON_NAME = AppIcon;
				CODE_SIGN_STYLE = Automatic;
				DEVELOPMENT_TEAM = LX8JG236AT;
				INFOPLIST_FILE = PracticeCollectionView/Info.plist;
				LD_RUNPATH_SEARCH_PATHS = "$(inherited) @executable_path/Frameworks";
				PRODUCT_BUNDLE_IDENTIFIER = com.aleksandrakorolczuk.PracticeCollectionView;
				PRODUCT_NAME = "$(TARGET_NAME)";
				SWIFT_VERSION = 4.0;
				TARGETED_DEVICE_FAMILY = "1,2";
			};
			name = Release;
		};
/* End XCBuildConfiguration section */

/* Begin XCConfigurationList section */
		D18BF4581FBE235C00D7329E /* Build configuration list for PBXProject "PracticeCollectionView" */ = {
			isa = XCConfigurationList;
			buildConfigurations = (
				D18BF46D1FBE235C00D7329E /* Debug */,
				D18BF46E1FBE235C00D7329E /* Release */,
			);
			defaultConfigurationIsVisible = 0;
			defaultConfigurationName = Release;
		};
		D18BF46F1FBE235C00D7329E /* Build configuration list for PBXNativeTarget "PracticeCollectionView" */ = {
			isa = XCConfigurationList;
			buildConfigurations = (
				D18BF4701FBE235C00D7329E /* Debug */,
				D18BF4711FBE235C00D7329E /* Release */,
			);
			defaultConfigurationIsVisible = 0;
			defaultConfigurationName = Release;
		};
/* End XCConfigurationList section */
	};
	rootObject = D18BF4551FBE235C00D7329E /* Project object */;
}
