// !$*UTF8*$!
{
	archiveVersion = 1;
	classes = {
	};
	objectVersion = 48;
	objects = {

/* Begin PBXBuildFile section */
		D174B69A1F7EAFD60008F637 /* AppDelegate.swift in Sources */ = {isa = PBXBuildFile; fileRef = D174B6991F7EAFD60008F637 /* AppDelegate.swift */; };
		D174B69C1F7EAFD60008F637 /* ViewController.swift in Sources */ = {isa = PBXBuildFile; fileRef = D174B69B1F7EAFD60008F637 /* ViewController.swift */; };
		D174B69F1F7EAFD60008F637 /* Main.storyboard in Resources */ = {isa = PBXBuildFile; fileRef = D174B69D1F7EAFD60008F637 /* Main.storyboard */; };
		D174B6A11F7EAFD60008F637 /* Assets.xcassets in Resources */ = {isa = PBXBuildFile; fileRef = D174B6A01F7EAFD60008F637 /* Assets.xcassets */; };
		D174B6A41F7EAFD60008F637 /* LaunchScreen.storyboard in Resources */ = {isa = PBXBuildFile; fileRef = D174B6A21F7EAFD60008F637 /* LaunchScreen.storyboard */; };
		D1EC59061F80518C003CCD07 /* Location.swift in Sources */ = {isa = PBXBuildFile; fileRef = D1EC59051F80518C003CCD07 /* Location.swift */; };
/* End PBXBuildFile section */

/* Begin PBXFileReference section */
		D174B6961F7EAFD60008F637 /* DinstanceFromHomoe.app */ = {isa = PBXFileReference; explicitFileType = wrapper.application; includeInIndex = 0; path = DinstanceFromHomoe.app; sourceTree = BUILT_PRODUCTS_DIR; };
		D174B6991F7EAFD60008F637 /* AppDelegate.swift */ = {isa = PBXFileReference; lastKnownFileType = sourcecode.swift; path = AppDelegate.swift; sourceTree = "<group>"; };
		D174B69B1F7EAFD60008F637 /* ViewController.swift */ = {isa = PBXFileReference; lastKnownFileType = sourcecode.swift; path = ViewController.swift; sourceTree = "<group>"; };
		D174B69E1F7EAFD60008F637 /* Base */ = {isa = PBXFileReference; lastKnownFileType = file.storyboard; name = Base; path = Base.lproj/Main.storyboard; sourceTree = "<group>"; };
		D174B6A01F7EAFD60008F637 /* Assets.xcassets */ = {isa = PBXFileReference; lastKnownFileType = folder.assetcatalog; path = Assets.xcassets; sourceTree = "<group>"; };
		D174B6A31F7EAFD60008F637 /* Base */ = {isa = PBXFileReference; lastKnownFileType = file.storyboard; name = Base; path = Base.lproj/LaunchScreen.storyboard; sourceTree = "<group>"; };
		D174B6A51F7EAFD60008F637 /* Info.plist */ = {isa = PBXFileReference; lastKnownFileType = text.plist.xml; path = Info.plist; sourceTree = "<group>"; };
		D1EC59051F80518C003CCD07 /* Location.swift */ = {isa = PBXFileReference; lastKnownFileType = sourcecode.swift; path = Location.swift; sourceTree = "<group>"; };
/* End PBXFileReference section */

/* Begin PBXFrameworksBuildPhase section */
		D174B6931F7EAFD60008F637 /* Frameworks */ = {
			isa = PBXFrameworksBuildPhase;
			buildActionMask = 2147483647;
			files = (
			);
			runOnlyForDeploymentPostprocessing = 0;
		};
/* End PBXFrameworksBuildPhase section */

/* Begin PBXGroup section */
		D174B68D1F7EAFD50008F637 = {
			isa = PBXGroup;
			children = (
				D174B6981F7EAFD60008F637 /* DinstanceFromHomoe */,
				D174B6971F7EAFD60008F637 /* Products */,
			);
			sourceTree = "<group>";
		};
		D174B6971F7EAFD60008F637 /* Products */ = {
			isa = PBXGroup;
			children = (
				D174B6961F7EAFD60008F637 /* DinstanceFromHomoe.app */,
			);
			name = Products;
			sourceTree = "<group>";
		};
		D174B6981F7EAFD60008F637 /* DinstanceFromHomoe */ = {
			isa = PBXGroup;
			children = (
				D174B6991F7EAFD60008F637 /* AppDelegate.swift */,
				D174B69B1F7EAFD60008F637 /* ViewController.swift */,
				D174B69D1F7EAFD60008F637 /* Main.storyboard */,
				D174B6A01F7EAFD60008F637 /* Assets.xcassets */,
				D174B6A21F7EAFD60008F637 /* LaunchScreen.storyboard */,
				D174B6A51F7EAFD60008F637 /* Info.plist */,
				D1EC59051F80518C003CCD07 /* Location.swift */,
			);
			path = DinstanceFromHomoe;
			sourceTree = "<group>";
		};
/* End PBXGroup section */

/* Begin PBXNativeTarget section */
		D174B6951F7EAFD60008F637 /* DinstanceFromHomoe */ = {
			isa = PBXNativeTarget;
			buildConfigurationList = D174B6A81F7EAFD60008F637 /* Build configuration list for PBXNativeTarget "DinstanceFromHomoe" */;
			buildPhases = (
				D174B6921F7EAFD60008F637 /* Sources */,
				D174B6931F7EAFD60008F637 /* Frameworks */,
				D174B6941F7EAFD60008F637 /* Resources */,
			);
			buildRules = (
			);
			dependencies = (
			);
			name = DinstanceFromHomoe;
			productName = DinstanceFromHomoe;
			productReference = D174B6961F7EAFD60008F637 /* DinstanceFromHomoe.app */;
			productType = "com.apple.product-type.application";
		};
/* End PBXNativeTarget section */

/* Begin PBXProject section */
		D174B68E1F7EAFD50008F637 /* Project object */ = {
			isa = PBXProject;
			attributes = {
				LastSwiftUpdateCheck = 0900;
				LastUpgradeCheck = 0900;
				ORGANIZATIONNAME = "Aleksandra Korolczuk";
				TargetAttributes = {
					D174B6951F7EAFD60008F637 = {
						CreatedOnToolsVersion = 9.0;
						ProvisioningStyle = Automatic;
					};
				};
			};
			buildConfigurationList = D174B6911F7EAFD50008F637 /* Build configuration list for PBXProject "DinstanceFromHomoe" */;
			compatibilityVersion = "Xcode 8.0";
			developmentRegion = en;
			hasScannedForEncodings = 0;
			knownRegions = (
				en,
				Base,
			);
			mainGroup = D174B68D1F7EAFD50008F637;
			productRefGroup = D174B6971F7EAFD60008F637 /* Products */;
			projectDirPath = "";
			projectRoot = "";
			targets = (
				D174B6951F7EAFD60008F637 /* DinstanceFromHomoe */,
			);
		};
/* End PBXProject section */

/* Begin PBXResourcesBuildPhase section */
		D174B6941F7EAFD60008F637 /* Resources */ = {
			isa = PBXResourcesBuildPhase;
			buildActionMask = 2147483647;
			files = (
				D174B6A41F7EAFD60008F637 /* LaunchScreen.storyboard in Resources */,
				D174B6A11F7EAFD60008F637 /* Assets.xcassets in Resources */,
				D174B69F1F7EAFD60008F637 /* Main.storyboard in Resources */,
			);
			runOnlyForDeploymentPostprocessing = 0;
		};
/* End PBXResourcesBuildPhase section */

/* Begin PBXSourcesBuildPhase section */
		D174B6921F7EAFD60008F637 /* Sources */ = {
			isa = PBXSourcesBuildPhase;
			buildActionMask = 2147483647;
			files = (
				D174B69C1F7EAFD60008F637 /* ViewController.swift in Sources */,
				D1EC59061F80518C003CCD07 /* Location.swift in Sources */,
				D174B69A1F7EAFD60008F637 /* AppDelegate.swift in Sources */,
			);
			runOnlyForDeploymentPostprocessing = 0;
		};
/* End PBXSourcesBuildPhase section */

/* Begin PBXVariantGroup section */
		D174B69D1F7EAFD60008F637 /* Main.storyboard */ = {
			isa = PBXVariantGroup;
			children = (
				D174B69E1F7EAFD60008F637 /* Base */,
			);
			name = Main.storyboard;
			sourceTree = "<group>";
		};
		D174B6A21F7EAFD60008F637 /* LaunchScreen.storyboard */ = {
			isa = PBXVariantGroup;
			children = (
				D174B6A31F7EAFD60008F637 /* Base */,
			);
			name = LaunchScreen.storyboard;
			sourceTree = "<group>";
		};
/* End PBXVariantGroup section */

/* Begin XCBuildConfiguration section */
		D174B6A61F7EAFD60008F637 /* Debug */ = {
			isa = XCBuildConfiguration;
			buildSettings = {
				ALWAYS_SEARCH_USER_PATHS = NO;
				CLANG_ANALYZER_NONNULL = YES;
				CLANG_ANALYZER_NUMBER_OBJECT_CONVERSION = YES_AGGRESSIVE;
				CLANG_CXX_LANGUAGE_STANDARD = "gnu++14";
				CLANG_CXX_LIBRARY = "libc++";
				CLANG_ENABLE_MODULES = YES;
				CLANG_ENABLE_OBJC_ARC = YES;
				CLANG_WARN_BLOCK_CAPTURE_AUTORELEASING = YES;
				CLANG_WARN_BOOL_CONVERSION = YES;
				CLANG_WARN_COMMA = YES;
				CLANG_WARN_CONSTANT_CONVERSION = YES;
				CLANG_WARN_DIRECT_OBJC_ISA_USAGE = YES_ERROR;
				CLANG_WARN_DOCUMENTATION_COMMENTS = YES;
				CLANG_WARN_EMPTY_BODY = YES;
				CLANG_WARN_ENUM_CONVERSION = YES;
				CLANG_WARN_INFINITE_RECURSION = YES;
				CLANG_WARN_INT_CONVERSION = YES;
				CLANG_WARN_NON_LITERAL_NULL_CONVERSION = YES;
				CLANG_WARN_OBJC_LITERAL_CONVERSION = YES;
				CLANG_WARN_OBJC_ROOT_CLASS = YES_ERROR;
				CLANG_WARN_RANGE_LOOP_ANALYSIS = YES;
				CLANG_WARN_STRICT_PROTOTYPES = YES;
				CLANG_WARN_SUSPICIOUS_MOVE = YES;
				CLANG_WARN_UNGUARDED_AVAILABILITY = YES_AGGRESSIVE;
				CLANG_WARN_UNREACHABLE_CODE = YES;
				CLANG_WARN__DUPLICATE_METHOD_MATCH = YES;
				CODE_SIGN_IDENTITY = "iPhone Developer";
				COPY_PHASE_STRIP = NO;
				DEBUG_INFORMATION_FORMAT = dwarf;
				ENABLE_STRICT_OBJC_MSGSEND = YES;
				ENABLE_TESTABILITY = YES;
				GCC_C_LANGUAGE_STANDARD = gnu11;
				GCC_DYNAMIC_NO_PIC = NO;
				GCC_NO_COMMON_BLOCKS = YES;
				GCC_OPTIMIZATION_LEVEL = 0;
				GCC_PREPROCESSOR_DEFINITIONS = (
					"DEBUG=1",
					"$(inherited)",
				);
				GCC_WARN_64_TO_32_BIT_CONVERSION = YES;
				GCC_WARN_ABOUT_RETURN_TYPE = YES_ERROR;
				GCC_WARN_UNDECLARED_SELECTOR = YES;
				GCC_WARN_UNINITIALIZED_AUTOS = YES_AGGRESSIVE;
				GCC_WARN_UNUSED_FUNCTION = YES;
				GCC_WARN_UNUSED_VARIABLE = YES;
				IPHONEOS_DEPLOYMENT_TARGET = 11.0;
				MTL_ENABLE_DEBUG_INFO = YES;
				ONLY_ACTIVE_ARCH = YES;
				SDKROOT = iphoneos;
				SWIFT_ACTIVE_COMPILATION_CONDITIONS = DEBUG;
				SWIFT_OPTIMIZATION_LEVEL = "-Onone";
			};
			name = Debug;
		};
		D174B6A71F7EAFD60008F637 /* Release */ = {
			isa = XCBuildConfiguration;
			buildSettings = {
				ALWAYS_SEARCH_USER_PATHS = NO;
				CLANG_ANALYZER_NONNULL = YES;
				CLANG_ANALYZER_NUMBER_OBJECT_CONVERSION = YES_AGGRESSIVE;
				CLANG_CXX_LANGUAGE_STANDARD = "gnu++14";
				CLANG_CXX_LIBRARY = "libc++";
				CLANG_ENABLE_MODULES = YES;
				CLANG_ENABLE_OBJC_ARC = YES;
				CLANG_WARN_BLOCK_CAPTURE_AUTORELEASING = YES;
				CLANG_WARN_BOOL_CONVERSION = YES;
				CLANG_WARN_COMMA = YES;
				CLANG_WARN_CONSTANT_CONVERSION = YES;
				CLANG_WARN_DIRECT_OBJC_ISA_USAGE = YES_ERROR;
				CLANG_WARN_DOCUMENTATION_COMMENTS = YES;
				CLANG_WARN_EMPTY_BODY = YES;
				CLANG_WARN_ENUM_CONVERSION = YES;
				CLANG_WARN_INFINITE_RECURSION = YES;
				CLANG_WARN_INT_CONVERSION = YES;
				CLANG_WARN_NON_LITERAL_NULL_CONVERSION = YES;
				CLANG_WARN_OBJC_LITERAL_CONVERSION = YES;
				CLANG_WARN_OBJC_ROOT_CLASS = YES_ERROR;
				CLANG_WARN_RANGE_LOOP_ANALYSIS = YES;
				CLANG_WARN_STRICT_PROTOTYPES = YES;
				CLANG_WARN_SUSPICIOUS_MOVE = YES;
				CLANG_WARN_UNGUARDED_AVAILABILITY = YES_AGGRESSIVE;
				CLANG_WARN_UNREACHABLE_CODE = YES;
				CLANG_WARN__DUPLICATE_METHOD_MATCH = YES;
				CODE_SIGN_IDENTITY = "iPhone Developer";
				COPY_PHASE_STRIP = NO;
				DEBUG_INFORMATION_FORMAT = "dwarf-with-dsym";
				ENABLE_NS_ASSERTIONS = NO;
				ENABLE_STRICT_OBJC_MSGSEND = YES;
				GCC_C_LANGUAGE_STANDARD = gnu11;
				GCC_NO_COMMON_BLOCKS = YES;
				GCC_WARN_64_TO_32_BIT_CONVERSION = YES;
				GCC_WARN_ABOUT_RETURN_TYPE = YES_ERROR;
				GCC_WARN_UNDECLARED_SELECTOR = YES;
				GCC_WARN_UNINITIALIZED_AUTOS = YES_AGGRESSIVE;
				GCC_WARN_UNUSED_FUNCTION = YES;
				GCC_WARN_UNUSED_VARIABLE = YES;
				IPHONEOS_DEPLOYMENT_TARGET = 11.0;
				MTL_ENABLE_DEBUG_INFO = NO;
				SDKROOT = iphoneos;
				SWIFT_OPTIMIZATION_LEVEL = "-Owholemodule";
				VALIDATE_PRODUCT = YES;
			};
			name = Release;
		};
		D174B6A91F7EAFD60008F637 /* Debug */ = {
			isa = XCBuildConfiguration;
			buildSettings = {
				ASSETCATALOG_COMPILER_APPICON_NAME = AppIcon;
				CODE_SIGN_STYLE = Automatic;
				DEVELOPMENT_TEAM = LX8JG236AT;
				INFOPLIST_FILE = DinstanceFromHomoe/Info.plist;
				LD_RUNPATH_SEARCH_PATHS = "$(inherited) @executable_path/Frameworks";
				PRODUCT_BUNDLE_IDENTIFIER = com.aleksandrakorolczuk.DinstanceFromHomoe;
				PRODUCT_NAME = "$(TARGET_NAME)";
				SWIFT_VERSION = 4.0;
				TARGETED_DEVICE_FAMILY = "1,2";
			};
			name = Debug;
		};
		D174B6AA1F7EAFD60008F637 /* Release */ = {
			isa = XCBuildConfiguration;
			buildSettings = {
				ASSETCATALOG_COMPILER_APPICON_NAME = AppIcon;
				CODE_SIGN_STYLE = Automatic;
				DEVELOPMENT_TEAM = LX8JG236AT;
				INFOPLIST_FILE = DinstanceFromHomoe/Info.plist;
				LD_RUNPATH_SEARCH_PATHS = "$(inherited) @executable_path/Frameworks";
				PRODUCT_BUNDLE_IDENTIFIER = com.aleksandrakorolczuk.DinstanceFromHomoe;
				PRODUCT_NAME = "$(TARGET_NAME)";
				SWIFT_VERSION = 4.0;
				TARGETED_DEVICE_FAMILY = "1,2";
			};
			name = Release;
		};
/* End XCBuildConfiguration section */

/* Begin XCConfigurationList section */
		D174B6911F7EAFD50008F637 /* Build configuration list for PBXProject "DinstanceFromHomoe" */ = {
			isa = XCConfigurationList;
			buildConfigurations = (
				D174B6A61F7EAFD60008F637 /* Debug */,
				D174B6A71F7EAFD60008F637 /* Release */,
			);
			defaultConfigurationIsVisible = 0;
			defaultConfigurationName = Release;
		};
		D174B6A81F7EAFD60008F637 /* Build configuration list for PBXNativeTarget "DinstanceFromHomoe" */ = {
			isa = XCConfigurationList;
			buildConfigurations = (
				D174B6A91F7EAFD60008F637 /* Debug */,
				D174B6AA1F7EAFD60008F637 /* Release */,
			);
			defaultConfigurationIsVisible = 0;
			defaultConfigurationName = Release;
		};
/* End XCConfigurationList section */
	};
	rootObject = D174B68E1F7EAFD50008F637 /* Project object */;
}
