// !$*UTF8*$!
{
	archiveVersion = 1;
	classes = {
	};
	objectVersion = 48;
	objects = {

/* Begin PBXBuildFile section */
		D101B2AC1F93E1BF00E0D9BF /* AppDelegate.swift in Sources */ = {isa = PBXBuildFile; fileRef = D101B2AB1F93E1BF00E0D9BF /* AppDelegate.swift */; };
		D101B2AE1F93E1BF00E0D9BF /* ViewController.swift in Sources */ = {isa = PBXBuildFile; fileRef = D101B2AD1F93E1BF00E0D9BF /* ViewController.swift */; };
		D101B2B11F93E1C000E0D9BF /* Main.storyboard in Resources */ = {isa = PBXBuildFile; fileRef = D101B2AF1F93E1C000E0D9BF /* Main.storyboard */; };
		D101B2B31F93E1C000E0D9BF /* Assets.xcassets in Resources */ = {isa = PBXBuildFile; fileRef = D101B2B21F93E1C000E0D9BF /* Assets.xcassets */; };
		D101B2B61F93E1C000E0D9BF /* LaunchScreen.storyboard in Resources */ = {isa = PBXBuildFile; fileRef = D101B2B41F93E1C000E0D9BF /* LaunchScreen.storyboard */; };
		D101B2BE1F93E33000E0D9BF /* MyCustomView.swift in Sources */ = {isa = PBXBuildFile; fileRef = D101B2BD1F93E33000E0D9BF /* MyCustomView.swift */; };
		D101B2C01F93EDA500E0D9BF /* MyScrollView.swift in Sources */ = {isa = PBXBuildFile; fileRef = D101B2BF1F93EDA500E0D9BF /* MyScrollView.swift */; };
/* End PBXBuildFile section */

/* Begin PBXFileReference section */
		D101B2A81F93E1BF00E0D9BF /* MyScrollView.app */ = {isa = PBXFileReference; explicitFileType = wrapper.application; includeInIndex = 0; path = MyScrollView.app; sourceTree = BUILT_PRODUCTS_DIR; };
		D101B2AB1F93E1BF00E0D9BF /* AppDelegate.swift */ = {isa = PBXFileReference; lastKnownFileType = sourcecode.swift; path = AppDelegate.swift; sourceTree = "<group>"; };
		D101B2AD1F93E1BF00E0D9BF /* ViewController.swift */ = {isa = PBXFileReference; lastKnownFileType = sourcecode.swift; path = ViewController.swift; sourceTree = "<group>"; };
		D101B2B01F93E1C000E0D9BF /* Base */ = {isa = PBXFileReference; lastKnownFileType = file.storyboard; name = Base; path = Base.lproj/Main.storyboard; sourceTree = "<group>"; };
		D101B2B21F93E1C000E0D9BF /* Assets.xcassets */ = {isa = PBXFileReference; lastKnownFileType = folder.assetcatalog; path = Assets.xcassets; sourceTree = "<group>"; };
		D101B2B51F93E1C000E0D9BF /* Base */ = {isa = PBXFileReference; lastKnownFileType = file.storyboard; name = Base; path = Base.lproj/LaunchScreen.storyboard; sourceTree = "<group>"; };
		D101B2B71F93E1C000E0D9BF /* Info.plist */ = {isa = PBXFileReference; lastKnownFileType = text.plist.xml; path = Info.plist; sourceTree = "<group>"; };
		D101B2BD1F93E33000E0D9BF /* MyCustomView.swift */ = {isa = PBXFileReference; lastKnownFileType = sourcecode.swift; path = MyCustomView.swift; sourceTree = "<group>"; };
		D101B2BF1F93EDA500E0D9BF /* MyScrollView.swift */ = {isa = PBXFileReference; lastKnownFileType = sourcecode.swift; path = MyScrollView.swift; sourceTree = "<group>"; };
/* End PBXFileReference section */

/* Begin PBXFrameworksBuildPhase section */
		D101B2A51F93E1BF00E0D9BF /* Frameworks */ = {
			isa = PBXFrameworksBuildPhase;
			buildActionMask = 2147483647;
			files = (
			);
			runOnlyForDeploymentPostprocessing = 0;
		};
/* End PBXFrameworksBuildPhase section */

/* Begin PBXGroup section */
		D101B29F1F93E1BF00E0D9BF = {
			isa = PBXGroup;
			children = (
				D101B2AA1F93E1BF00E0D9BF /* MyScrollView */,
				D101B2A91F93E1BF00E0D9BF /* Products */,
			);
			sourceTree = "<group>";
		};
		D101B2A91F93E1BF00E0D9BF /* Products */ = {
			isa = PBXGroup;
			children = (
				D101B2A81F93E1BF00E0D9BF /* MyScrollView.app */,
			);
			name = Products;
			sourceTree = "<group>";
		};
		D101B2AA1F93E1BF00E0D9BF /* MyScrollView */ = {
			isa = PBXGroup;
			children = (
				D101B2AB1F93E1BF00E0D9BF /* AppDelegate.swift */,
				D101B2BD1F93E33000E0D9BF /* MyCustomView.swift */,
				D101B2AD1F93E1BF00E0D9BF /* ViewController.swift */,
				D101B2AF1F93E1C000E0D9BF /* Main.storyboard */,
				D101B2B21F93E1C000E0D9BF /* Assets.xcassets */,
				D101B2B41F93E1C000E0D9BF /* LaunchScreen.storyboard */,
				D101B2B71F93E1C000E0D9BF /* Info.plist */,
				D101B2BF1F93EDA500E0D9BF /* MyScrollView.swift */,
			);
			path = MyScrollView;
			sourceTree = "<group>";
		};
/* End PBXGroup section */

/* Begin PBXNativeTarget section */
		D101B2A71F93E1BF00E0D9BF /* MyScrollView */ = {
			isa = PBXNativeTarget;
			buildConfigurationList = D101B2BA1F93E1C000E0D9BF /* Build configuration list for PBXNativeTarget "MyScrollView" */;
			buildPhases = (
				D101B2A41F93E1BF00E0D9BF /* Sources */,
				D101B2A51F93E1BF00E0D9BF /* Frameworks */,
				D101B2A61F93E1BF00E0D9BF /* Resources */,
			);
			buildRules = (
			);
			dependencies = (
			);
			name = MyScrollView;
			productName = MyScrollView;
			productReference = D101B2A81F93E1BF00E0D9BF /* MyScrollView.app */;
			productType = "com.apple.product-type.application";
		};
/* End PBXNativeTarget section */

/* Begin PBXProject section */
		D101B2A01F93E1BF00E0D9BF /* Project object */ = {
			isa = PBXProject;
			attributes = {
				LastSwiftUpdateCheck = 0900;
				LastUpgradeCheck = 0900;
				ORGANIZATIONNAME = "Aleksandra Korolczuk";
				TargetAttributes = {
					D101B2A71F93E1BF00E0D9BF = {
						CreatedOnToolsVersion = 9.0;
						ProvisioningStyle = Automatic;
					};
				};
			};
			buildConfigurationList = D101B2A31F93E1BF00E0D9BF /* Build configuration list for PBXProject "MyScrollView" */;
			compatibilityVersion = "Xcode 8.0";
			developmentRegion = en;
			hasScannedForEncodings = 0;
			knownRegions = (
				en,
				Base,
			);
			mainGroup = D101B29F1F93E1BF00E0D9BF;
			productRefGroup = D101B2A91F93E1BF00E0D9BF /* Products */;
			projectDirPath = "";
			projectRoot = "";
			targets = (
				D101B2A71F93E1BF00E0D9BF /* MyScrollView */,
			);
		};
/* End PBXProject section */

/* Begin PBXResourcesBuildPhase section */
		D101B2A61F93E1BF00E0D9BF /* Resources */ = {
			isa = PBXResourcesBuildPhase;
			buildActionMask = 2147483647;
			files = (
				D101B2B61F93E1C000E0D9BF /* LaunchScreen.storyboard in Resources */,
				D101B2B31F93E1C000E0D9BF /* Assets.xcassets in Resources */,
				D101B2B11F93E1C000E0D9BF /* Main.storyboard in Resources */,
			);
			runOnlyForDeploymentPostprocessing = 0;
		};
/* End PBXResourcesBuildPhase section */

/* Begin PBXSourcesBuildPhase section */
		D101B2A41F93E1BF00E0D9BF /* Sources */ = {
			isa = PBXSourcesBuildPhase;
			buildActionMask = 2147483647;
			files = (
				D101B2AE1F93E1BF00E0D9BF /* ViewController.swift in Sources */,
				D101B2C01F93EDA500E0D9BF /* MyScrollView.swift in Sources */,
				D101B2BE1F93E33000E0D9BF /* MyCustomView.swift in Sources */,
				D101B2AC1F93E1BF00E0D9BF /* AppDelegate.swift in Sources */,
			);
			runOnlyForDeploymentPostprocessing = 0;
		};
/* End PBXSourcesBuildPhase section */

/* Begin PBXVariantGroup section */
		D101B2AF1F93E1C000E0D9BF /* Main.storyboard */ = {
			isa = PBXVariantGroup;
			children = (
				D101B2B01F93E1C000E0D9BF /* Base */,
			);
			name = Main.storyboard;
			sourceTree = "<group>";
		};
		D101B2B41F93E1C000E0D9BF /* LaunchScreen.storyboard */ = {
			isa = PBXVariantGroup;
			children = (
				D101B2B51F93E1C000E0D9BF /* Base */,
			);
			name = LaunchScreen.storyboard;
			sourceTree = "<group>";
		};
/* End PBXVariantGroup section */

/* Begin XCBuildConfiguration section */
		D101B2B81F93E1C000E0D9BF /* Debug */ = {
			isa = XCBuildConfiguration;
			buildSettings = {
				ALWAYS_SEARCH_USER_PATHS = NO;
				CLANG_ANALYZER_NONNULL = YES;
				CLANG_ANALYZER_NUMBER_OBJECT_CONVERSION = YES_AGGRESSIVE;
				CLANG_CXX_LANGUAGE_STANDARD = "gnu++14";
				CLANG_CXX_LIBRARY = "libc++";
				CLANG_ENABLE_MODULES = YES;
				CLANG_ENABLE_OBJC_ARC = YES;
				CLANG_WARN_BLOCK_CAPTURE_AUTORELEASING = YES;
				CLANG_WARN_BOOL_CONVERSION = YES;
				CLANG_WARN_COMMA = YES;
				CLANG_WARN_CONSTANT_CONVERSION = YES;
				CLANG_WARN_DIRECT_OBJC_ISA_USAGE = YES_ERROR;
				CLANG_WARN_DOCUMENTATION_COMMENTS = YES;
				CLANG_WARN_EMPTY_BODY = YES;
				CLANG_WARN_ENUM_CONVERSION = YES;
				CLANG_WARN_INFINITE_RECURSION = YES;
				CLANG_WARN_INT_CONVERSION = YES;
				CLANG_WARN_NON_LITERAL_NULL_CONVERSION = YES;
				CLANG_WARN_OBJC_LITERAL_CONVERSION = YES;
				CLANG_WARN_OBJC_ROOT_CLASS = YES_ERROR;
				CLANG_WARN_RANGE_LOOP_ANALYSIS = YES;
				CLANG_WARN_STRICT_PROTOTYPES = YES;
				CLANG_WARN_SUSPICIOUS_MOVE = YES;
				CLANG_WARN_UNGUARDED_AVAILABILITY = YES_AGGRESSIVE;
				CLANG_WARN_UNREACHABLE_CODE = YES;
				CLANG_WARN__DUPLICATE_METHOD_MATCH = YES;
				CODE_SIGN_IDENTITY = "iPhone Developer";
				COPY_PHASE_STRIP = NO;
				DEBUG_INFORMATION_FORMAT = dwarf;
				ENABLE_STRICT_OBJC_MSGSEND = YES;
				ENABLE_TESTABILITY = YES;
				GCC_C_LANGUAGE_STANDARD = gnu11;
				GCC_DYNAMIC_NO_PIC = NO;
				GCC_NO_COMMON_BLOCKS = YES;
				GCC_OPTIMIZATION_LEVEL = 0;
				GCC_PREPROCESSOR_DEFINITIONS = (
					"DEBUG=1",
					"$(inherited)",
				);
				GCC_WARN_64_TO_32_BIT_CONVERSION = YES;
				GCC_WARN_ABOUT_RETURN_TYPE = YES_ERROR;
				GCC_WARN_UNDECLARED_SELECTOR = YES;
				GCC_WARN_UNINITIALIZED_AUTOS = YES_AGGRESSIVE;
				GCC_WARN_UNUSED_FUNCTION = YES;
				GCC_WARN_UNUSED_VARIABLE = YES;
				IPHONEOS_DEPLOYMENT_TARGET = 11.0;
				MTL_ENABLE_DEBUG_INFO = YES;
				ONLY_ACTIVE_ARCH = YES;
				SDKROOT = iphoneos;
				SWIFT_ACTIVE_COMPILATION_CONDITIONS = DEBUG;
				SWIFT_OPTIMIZATION_LEVEL = "-Onone";
			};
			name = Debug;
		};
		D101B2B91F93E1C000E0D9BF /* Release */ = {
			isa = XCBuildConfiguration;
			buildSettings = {
				ALWAYS_SEARCH_USER_PATHS = NO;
				CLANG_ANALYZER_NONNULL = YES;
				CLANG_ANALYZER_NUMBER_OBJECT_CONVERSION = YES_AGGRESSIVE;
				CLANG_CXX_LANGUAGE_STANDARD = "gnu++14";
				CLANG_CXX_LIBRARY = "libc++";
				CLANG_ENABLE_MODULES = YES;
				CLANG_ENABLE_OBJC_ARC = YES;
				CLANG_WARN_BLOCK_CAPTURE_AUTORELEASING = YES;
				CLANG_WARN_BOOL_CONVERSION = YES;
				CLANG_WARN_COMMA = YES;
				CLANG_WARN_CONSTANT_CONVERSION = YES;
				CLANG_WARN_DIRECT_OBJC_ISA_USAGE = YES_ERROR;
				CLANG_WARN_DOCUMENTATION_COMMENTS = YES;
				CLANG_WARN_EMPTY_BODY = YES;
				CLANG_WARN_ENUM_CONVERSION = YES;
				CLANG_WARN_INFINITE_RECURSION = YES;
				CLANG_WARN_INT_CONVERSION = YES;
				CLANG_WARN_NON_LITERAL_NULL_CONVERSION = YES;
				CLANG_WARN_OBJC_LITERAL_CONVERSION = YES;
				CLANG_WARN_OBJC_ROOT_CLASS = YES_ERROR;
				CLANG_WARN_RANGE_LOOP_ANALYSIS = YES;
				CLANG_WARN_STRICT_PROTOTYPES = YES;
				CLANG_WARN_SUSPICIOUS_MOVE = YES;
				CLANG_WARN_UNGUARDED_AVAILABILITY = YES_AGGRESSIVE;
				CLANG_WARN_UNREACHABLE_CODE = YES;
				CLANG_WARN__DUPLICATE_METHOD_MATCH = YES;
				CODE_SIGN_IDENTITY = "iPhone Developer";
				COPY_PHASE_STRIP = NO;
				DEBUG_INFORMATION_FORMAT = "dwarf-with-dsym";
				ENABLE_NS_ASSERTIONS = NO;
				ENABLE_STRICT_OBJC_MSGSEND = YES;
				GCC_C_LANGUAGE_STANDARD = gnu11;
				GCC_NO_COMMON_BLOCKS = YES;
				GCC_WARN_64_TO_32_BIT_CONVERSION = YES;
				GCC_WARN_ABOUT_RETURN_TYPE = YES_ERROR;
				GCC_WARN_UNDECLARED_SELECTOR = YES;
				GCC_WARN_UNINITIALIZED_AUTOS = YES_AGGRESSIVE;
				GCC_WARN_UNUSED_FUNCTION = YES;
				GCC_WARN_UNUSED_VARIABLE = YES;
				IPHONEOS_DEPLOYMENT_TARGET = 11.0;
				MTL_ENABLE_DEBUG_INFO = NO;
				SDKROOT = iphoneos;
				SWIFT_OPTIMIZATION_LEVEL = "-Owholemodule";
				VALIDATE_PRODUCT = YES;
			};
			name = Release;
		};
		D101B2BB1F93E1C000E0D9BF /* Debug */ = {
			isa = XCBuildConfiguration;
			buildSettings = {
				ASSETCATALOG_COMPILER_APPICON_NAME = AppIcon;
				CODE_SIGN_STYLE = Automatic;
				DEVELOPMENT_TEAM = LX8JG236AT;
				INFOPLIST_FILE = MyScrollView/Info.plist;
				LD_RUNPATH_SEARCH_PATHS = "$(inherited) @executable_path/Frameworks";
				PRODUCT_BUNDLE_IDENTIFIER = com.aleksandrakorolczuk.MyScrollView;
				PRODUCT_NAME = "$(TARGET_NAME)";
				SWIFT_VERSION = 4.0;
				TARGETED_DEVICE_FAMILY = "1,2";
			};
			name = Debug;
		};
		D101B2BC1F93E1C000E0D9BF /* Release */ = {
			isa = XCBuildConfiguration;
			buildSettings = {
				ASSETCATALOG_COMPILER_APPICON_NAME = AppIcon;
				CODE_SIGN_STYLE = Automatic;
				DEVELOPMENT_TEAM = LX8JG236AT;
				INFOPLIST_FILE = MyScrollView/Info.plist;
				LD_RUNPATH_SEARCH_PATHS = "$(inherited) @executable_path/Frameworks";
				PRODUCT_BUNDLE_IDENTIFIER = com.aleksandrakorolczuk.MyScrollView;
				PRODUCT_NAME = "$(TARGET_NAME)";
				SWIFT_VERSION = 4.0;
				TARGETED_DEVICE_FAMILY = "1,2";
			};
			name = Release;
		};
/* End XCBuildConfiguration section */

/* Begin XCConfigurationList section */
		D101B2A31F93E1BF00E0D9BF /* Build configuration list for PBXProject "MyScrollView" */ = {
			isa = XCConfigurationList;
			buildConfigurations = (
				D101B2B81F93E1C000E0D9BF /* Debug */,
				D101B2B91F93E1C000E0D9BF /* Release */,
			);
			defaultConfigurationIsVisible = 0;
			defaultConfigurationName = Release;
		};
		D101B2BA1F93E1C000E0D9BF /* Build configuration list for PBXNativeTarget "MyScrollView" */ = {
			isa = XCConfigurationList;
			buildConfigurations = (
				D101B2BB1F93E1C000E0D9BF /* Debug */,
				D101B2BC1F93E1C000E0D9BF /* Release */,
			);
			defaultConfigurationIsVisible = 0;
			defaultConfigurationName = Release;
		};
/* End XCConfigurationList section */
	};
	rootObject = D101B2A01F93E1BF00E0D9BF /* Project object */;
}
